
Microsoft Visual Studio Solution File, Format Version 12.00
# Visual Studio 2013
VisualStudioVersion = 12.0.31101.0
MinimumVisualStudioVersion = 10.0.40219.1
Project("{FAE04EC0-301F-11D3-BF4B-00C04F79EFBC}") = "Diladele.ActiveDirectory.Server", "Diladele.ActiveDirectory.Server\Diladele.ActiveDirectory.Server.csproj", "{DC2D8DBA-1C55-4BC7-9F95-B576A959F1FC}"
EndProject
Project("{FAE04EC0-301F-11D3-BF4B-00C04F79EFBC}") = "Diladele.ActiveDirectory.Inspection", "Diladele.ActiveDirectory.Inspection\Diladele.ActiveDirectory.Inspection.csproj", "{78720F9A-B362-4211-8145-E1E9C8CC9A54}"
EndProject
Project("{FAE04EC0-301F-11D3-BF4B-00C04F79EFBC}") = "Diladele.ActiveDirectory.Service", "Diladele.ActiveDirectory.Service\Diladele.ActiveDirectory.Service.csproj", "{3CB3F0DF-706C-4883-ADBF-FC06A342699F}"
EndProject
Project("{FAE04EC0-301F-11D3-BF4B-00C04F79EFBC}") = "Diladele.ActiveDirectory.Inspection.Test", "Diladele.ActiveDirectory.Inspection.Test\Diladele.ActiveDirectory.Inspection.Test.csproj", "{FD205382-778D-4659-9A04-35072222F3F5}"
EndProject
Project("{FAE04EC0-301F-11D3-BF4B-00C04F79EFBC}") = "Diladele.ActiveDirectory.Inspection.UI", "Diladele.ActiveDirectory.Inspection.UI\Diladele.ActiveDirectory.Inspection.UI.csproj", "{F62E1B73-4607-4B2F-A71B-A61F5772CAD7}"
EndProject
Project("{930C7802-8A8C-48F9-8165-68863BCCD9DD}") = "installer", "..\src.pack\installer.wixproj", "{BAF3352B-A4CF-4BC8-874B-A877962E771C}"
EndProject
Global
	GlobalSection(SolutionConfigurationPlatforms) = preSolution
		Debug|Any CPU = Debug|Any CPU
		Debug|Mixed Platforms = Debug|Mixed Platforms
		Debug|x64 = Debug|x64
		Debug|x86 = Debug|x86
		Release|Any CPU = Release|Any CPU
		Release|Mixed Platforms = Release|Mixed Platforms
		Release|x64 = Release|x64
		Release|x86 = Release|x86
	EndGlobalSection
	GlobalSection(ProjectConfigurationPlatforms) = postSolution
		{DC2D8DBA-1C55-4BC7-9F95-B576A959F1FC}.Debug|Any CPU.ActiveCfg = Debug|Any CPU
		{DC2D8DBA-1C55-4BC7-9F95-B576A959F1FC}.Debug|Any CPU.Build.0 = Debug|Any CPU
		{DC2D8DBA-1C55-4BC7-9F95-B576A959F1FC}.Debug|Mixed Platforms.ActiveCfg = Debug|Any CPU
		{DC2D8DBA-1C55-4BC7-9F95-B576A959F1FC}.Debug|Mixed Platforms.Build.0 = Debug|Any CPU
		{DC2D8DBA-1C55-4BC7-9F95-B576A959F1FC}.Debug|x64.ActiveCfg = Debug|Any CPU
		{DC2D8DBA-1C55-4BC7-9F95-B576A959F1FC}.Debug|x86.ActiveCfg = Debug|Any CPU
		{DC2D8DBA-1C55-4BC7-9F95-B576A959F1FC}.Release|Any CPU.ActiveCfg = Release|Any CPU
		{DC2D8DBA-1C55-4BC7-9F95-B576A959F1FC}.Release|Any CPU.Build.0 = Release|Any CPU
		{DC2D8DBA-1C55-4BC7-9F95-B576A959F1FC}.Release|Mixed Platforms.ActiveCfg = Release|Any CPU
		{DC2D8DBA-1C55-4BC7-9F95-B576A959F1FC}.Release|Mixed Platforms.Build.0 = Release|Any CPU
		{DC2D8DBA-1C55-4BC7-9F95-B576A959F1FC}.Release|x64.ActiveCfg = Release|Any CPU
		{DC2D8DBA-1C55-4BC7-9F95-B576A959F1FC}.Release|x86.ActiveCfg = Release|Any CPU
		{78720F9A-B362-4211-8145-E1E9C8CC9A54}.Debug|Any CPU.ActiveCfg = Debug|Any CPU
		{78720F9A-B362-4211-8145-E1E9C8CC9A54}.Debug|Any CPU.Build.0 = Debug|Any CPU
		{78720F9A-B362-4211-8145-E1E9C8CC9A54}.Debug|Mixed Platforms.ActiveCfg = Debug|Any CPU
		{78720F9A-B362-4211-8145-E1E9C8CC9A54}.Debug|Mixed Platforms.Build.0 = Debug|Any CPU
		{78720F9A-B362-4211-8145-E1E9C8CC9A54}.Debug|x64.ActiveCfg = Debug|Any CPU
		{78720F9A-B362-4211-8145-E1E9C8CC9A54}.Debug|x86.ActiveCfg = Debug|Any CPU
		{78720F9A-B362-4211-8145-E1E9C8CC9A54}.Release|Any CPU.ActiveCfg = Release|Any CPU
		{78720F9A-B362-4211-8145-E1E9C8CC9A54}.Release|Any CPU.Build.0 = Release|Any CPU
		{78720F9A-B362-4211-8145-E1E9C8CC9A54}.Release|Mixed Platforms.ActiveCfg = Release|Any CPU
		{78720F9A-B362-4211-8145-E1E9C8CC9A54}.Release|Mixed Platforms.Build.0 = Release|Any CPU
		{78720F9A-B362-4211-8145-E1E9C8CC9A54}.Release|x64.ActiveCfg = Release|Any CPU
		{78720F9A-B362-4211-8145-E1E9C8CC9A54}.Release|x86.ActiveCfg = Release|Any CPU
		{3CB3F0DF-706C-4883-ADBF-FC06A342699F}.Debug|Any CPU.ActiveCfg = Debug|Any CPU
		{3CB3F0DF-706C-4883-ADBF-FC06A342699F}.Debug|Any CPU.Build.0 = Debug|Any CPU
		{3CB3F0DF-706C-4883-ADBF-FC06A342699F}.Debug|Mixed Platforms.ActiveCfg = Debug|Any CPU
		{3CB3F0DF-706C-4883-ADBF-FC06A342699F}.Debug|Mixed Platforms.Build.0 = Debug|Any CPU
		{3CB3F0DF-706C-4883-ADBF-FC06A342699F}.Debug|x64.ActiveCfg = Debug|Any CPU
		{3CB3F0DF-706C-4883-ADBF-FC06A342699F}.Debug|x86.ActiveCfg = Debug|Any CPU
		{3CB3F0DF-706C-4883-ADBF-FC06A342699F}.Release|Any CPU.ActiveCfg = Release|Any CPU
		{3CB3F0DF-706C-4883-ADBF-FC06A342699F}.Release|Any CPU.Build.0 = Release|Any CPU
		{3CB3F0DF-706C-4883-ADBF-FC06A342699F}.Release|Mixed Platforms.ActiveCfg = Release|Any CPU
		{3CB3F0DF-706C-4883-ADBF-FC06A342699F}.Release|Mixed Platforms.Build.0 = Release|Any CPU
		{3CB3F0DF-706C-4883-ADBF-FC06A342699F}.Release|x64.ActiveCfg = Release|Any CPU
		{3CB3F0DF-706C-4883-ADBF-FC06A342699F}.Release|x86.ActiveCfg = Release|Any CPU
		{FD205382-778D-4659-9A04-35072222F3F5}.Debug|Any CPU.ActiveCfg = Debug|Any CPU
		{FD205382-778D-4659-9A04-35072222F3F5}.Debug|Any CPU.Build.0 = Debug|Any CPU
		{FD205382-778D-4659-9A04-35072222F3F5}.Debug|Mixed Platforms.ActiveCfg = Debug|Any CPU
		{FD205382-778D-4659-9A04-35072222F3F5}.Debug|Mixed Platforms.Build.0 = Debug|Any CPU
		{FD205382-778D-4659-9A04-35072222F3F5}.Debug|x64.ActiveCfg = Debug|Any CPU
		{FD205382-778D-4659-9A04-35072222F3F5}.Debug|x86.ActiveCfg = Debug|Any CPU
		{FD205382-778D-4659-9A04-35072222F3F5}.Release|Any CPU.ActiveCfg = Release|Any CPU
		{FD205382-778D-4659-9A04-35072222F3F5}.Release|Any CPU.Build.0 = Release|Any CPU
		{FD205382-778D-4659-9A04-35072222F3F5}.Release|Mixed Platforms.ActiveCfg = Release|Any CPU
		{FD205382-778D-4659-9A04-35072222F3F5}.Release|Mixed Platforms.Build.0 = Release|Any CPU
		{FD205382-778D-4659-9A04-35072222F3F5}.Release|x64.ActiveCfg = Release|Any CPU
		{FD205382-778D-4659-9A04-35072222F3F5}.Release|x86.ActiveCfg = Release|Any CPU
		{F62E1B73-4607-4B2F-A71B-A61F5772CAD7}.Debug|Any CPU.ActiveCfg = Debug|Any CPU
		{F62E1B73-4607-4B2F-A71B-A61F5772CAD7}.Debug|Any CPU.Build.0 = Debug|Any CPU
		{F62E1B73-4607-4B2F-A71B-A61F5772CAD7}.Debug|Mixed Platforms.ActiveCfg = Debug|Any CPU
		{F62E1B73-4607-4B2F-A71B-A61F5772CAD7}.Debug|Mixed Platforms.Build.0 = Debug|Any CPU
		{F62E1B73-4607-4B2F-A71B-A61F5772CAD7}.Debug|x64.ActiveCfg = Debug|Any CPU
		{F62E1B73-4607-4B2F-A71B-A61F5772CAD7}.Debug|x86.ActiveCfg = Debug|Any CPU
		{F62E1B73-4607-4B2F-A71B-A61F5772CAD7}.Release|Any CPU.ActiveCfg = Release|Any CPU
		{F62E1B73-4607-4B2F-A71B-A61F5772CAD7}.Release|Any CPU.Build.0 = Release|Any CPU
		{F62E1B73-4607-4B2F-A71B-A61F5772CAD7}.Release|Mixed Platforms.ActiveCfg = Release|Any CPU
		{F62E1B73-4607-4B2F-A71B-A61F5772CAD7}.Release|Mixed Platforms.Build.0 = Release|Any CPU
		{F62E1B73-4607-4B2F-A71B-A61F5772CAD7}.Release|x64.ActiveCfg = Release|Any CPU
		{F62E1B73-4607-4B2F-A71B-A61F5772CAD7}.Release|x86.ActiveCfg = Release|Any CPU
		{BAF3352B-A4CF-4BC8-874B-A877962E771C}.Debug|Any CPU.ActiveCfg = Debug|x86
		{BAF3352B-A4CF-4BC8-874B-A877962E771C}.Debug|Mixed Platforms.ActiveCfg = Debug|x86
		{BAF3352B-A4CF-4BC8-874B-A877962E771C}.Debug|Mixed Platforms.Build.0 = Debug|x86
		{BAF3352B-A4CF-4BC8-874B-A877962E771C}.Debug|x64.ActiveCfg = Debug|x64
		{BAF3352B-A4CF-4BC8-874B-A877962E771C}.Debug|x64.Build.0 = Debug|x64
		{BAF3352B-A4CF-4BC8-874B-A877962E771C}.Debug|x86.ActiveCfg = Debug|x86
		{BAF3352B-A4CF-4BC8-874B-A877962E771C}.Debug|x86.Build.0 = Debug|x86
		{BAF3352B-A4CF-4BC8-874B-A877962E771C}.Release|Any CPU.ActiveCfg = Release|x86
		{BAF3352B-A4CF-4BC8-874B-A877962E771C}.Release|Mixed Platforms.ActiveCfg = Release|x86
		{BAF3352B-A4CF-4BC8-874B-A877962E771C}.Release|Mixed Platforms.Build.0 = Release|x86
		{BAF3352B-A4CF-4BC8-874B-A877962E771C}.Release|x64.ActiveCfg = Release|x64
		{BAF3352B-A4CF-4BC8-874B-A877962E771C}.Release|x64.Build.0 = Release|x64
		{BAF3352B-A4CF-4BC8-874B-A877962E771C}.Release|x86.ActiveCfg = Release|x86
		{BAF3352B-A4CF-4BC8-874B-A877962E771C}.Release|x86.Build.0 = Release|x86
	EndGlobalSection
	GlobalSection(SolutionProperties) = preSolution
		HideSolutionNode = FALSE
	EndGlobalSection
EndGlobal
